# THIS IS AN AUTOGENERATED FILE. DO NOT EDIT THIS FILE DIRECTLY.
# yarn lockfile v1


"@vercel/ncc@^0.38.0":
  version "0.38.0"
  resolved "https://registry.yarnpkg.com/@vercel/ncc/-/ncc-0.38.0.tgz#5210def0dcf0c79640bfaf16eecce54beed58fa6"
  integrity sha512-B4YKZMm/EqMptKSFyAq4q2SlgJe+VCmEH6Y8gf/E1pTlWbsUJpuH1ymik2Ex3aYO5mCWwV1kaSYHSQOT8+4vHA==
